
Microsoft Visual Studio Solution File, Format Version 10.00
# Visual Studio 2008
Project("{8BC9CEB8-8B4A-11D0-8D11-00A0C91BC942}") = "surf1.8", "surf1.8\surf1.8.vcproj", "{5995160C-3D10-426B-9200-04C6E7A74B83}"
EndProject
Global
	GlobalSection(SolutionConfigurationPlatforms) = preSolution
		Debug|Win32 = Debug|Win32
		Release|Win32 = Release|Win32
	EndGlobalSection
	GlobalSection(ProjectConfigurationPlatforms) = postSolution
		{5995160C-3D10-426B-9200-04C6E7A74B83}.Debug|Win32.ActiveCfg = Debug|Win32
		{5995160C-3D10-426B-9200-04C6E7A74B83}.Debug|Win32.Build.0 = Debug|Win32
		{5995160C-3D10-426B-9200-04C6E7A74B83}.Release|Win32.ActiveCfg = Release|Win32
		{5995160C-3D10-426B-9200-04C6E7A74B83}.Release|Win32.Build.0 = Release|Win32
	EndGlobalSection
	GlobalSection(SolutionProperties) = preSolution
		HideSolutionNode = FALSE
	EndGlobalSection
EndGlobal
