
Microsoft Visual Studio Solution File, Format Version 12.00
# Visual Studio 15
VisualStudioVersion = 15.0.26730.16
MinimumVisualStudioVersion = 10.0.40219.1
Project("{8BC9CEB8-8B4A-11D0-8D11-00A0C91BC942}") = "test1", "test1\test1.vcxproj", "{EE45AA3F-0C74-43AB-AF96-D7256EB436EA}"
EndProject
Global
	GlobalSection(SolutionConfigurationPlatforms) = preSolution
		Debug|x64 = Debug|x64
		Debug|x86 = Debug|x86
		Release|x64 = Release|x64
		Release|x86 = Release|x86
	EndGlobalSection
	GlobalSection(ProjectConfigurationPlatforms) = postSolution
		{EE45AA3F-0C74-43AB-AF96-D7256EB436EA}.Debug|x64.ActiveCfg = Debug|x64
		{EE45AA3F-0C74-43AB-AF96-D7256EB436EA}.Debug|x64.Build.0 = Debug|x64
		{EE45AA3F-0C74-43AB-AF96-D7256EB436EA}.Debug|x86.ActiveCfg = Debug|Win32
		{EE45AA3F-0C74-43AB-AF96-D7256EB436EA}.Debug|x86.Build.0 = Debug|Win32
		{EE45AA3F-0C74-43AB-AF96-D7256EB436EA}.Release|x64.ActiveCfg = Release|x64
		{EE45AA3F-0C74-43AB-AF96-D7256EB436EA}.Release|x64.Build.0 = Release|x64
		{EE45AA3F-0C74-43AB-AF96-D7256EB436EA}.Release|x86.ActiveCfg = Release|Win32
		{EE45AA3F-0C74-43AB-AF96-D7256EB436EA}.Release|x86.Build.0 = Release|Win32
	EndGlobalSection
	GlobalSection(SolutionProperties) = preSolution
		HideSolutionNode = FALSE
	EndGlobalSection
	GlobalSection(ExtensibilityGlobals) = postSolution
		SolutionGuid = {851C9506-8493-4137-AE7A-C65F892C47DC}
	EndGlobalSection
EndGlobal
